
Microsoft Visual Studio Solution File, Format Version 12.00
# Visual Studio Version 17
VisualStudioVersion = 17.5.33414.496
MinimumVisualStudioVersion = 10.0.40219.1
Project("{9A19103F-16F7-4668-BE54-9A1E7A4F7556}") = "Creator Blog.Web", "Creator Blog.Web\Creator Blog.Web.csproj", "{A4FAB5D5-CB3C-4F77-AB1A-4401C8774390}"
EndProject
Project("{9A19103F-16F7-4668-BE54-9A1E7A4F7556}") = "Creator Blog.PostAPI", "Creator Blog.PostAPI\Creator Blog.PostAPI.csproj", "{7086840F-2D3D-4F46-AC12-C7FD4F0150B3}"
EndProject
Global
	GlobalSection(SolutionConfigurationPlatforms) = preSolution
		Debug|Any CPU = Debug|Any CPU
		Release|Any CPU = Release|Any CPU
	EndGlobalSection
	GlobalSection(ProjectConfigurationPlatforms) = postSolution
		{A4FAB5D5-CB3C-4F77-AB1A-4401C8774390}.Debug|Any CPU.ActiveCfg = Debug|Any CPU
		{A4FAB5D5-CB3C-4F77-AB1A-4401C8774390}.Debug|Any CPU.Build.0 = Debug|Any CPU
		{A4FAB5D5-CB3C-4F77-AB1A-4401C8774390}.Release|Any CPU.ActiveCfg = Release|Any CPU
		{A4FAB5D5-CB3C-4F77-AB1A-4401C8774390}.Release|Any CPU.Build.0 = Release|Any CPU
		{7086840F-2D3D-4F46-AC12-C7FD4F0150B3}.Debug|Any CPU.ActiveCfg = Debug|Any CPU
		{7086840F-2D3D-4F46-AC12-C7FD4F0150B3}.Debug|Any CPU.Build.0 = Debug|Any CPU
		{7086840F-2D3D-4F46-AC12-C7FD4F0150B3}.Release|Any CPU.ActiveCfg = Release|Any CPU
		{7086840F-2D3D-4F46-AC12-C7FD4F0150B3}.Release|Any CPU.Build.0 = Release|Any CPU
	EndGlobalSection
	GlobalSection(SolutionProperties) = preSolution
		HideSolutionNode = FALSE
	EndGlobalSection
	GlobalSection(ExtensibilityGlobals) = postSolution
		SolutionGuid = {40B29D9B-042B-4007-A3E4-5B8D2907F394}
	EndGlobalSection
EndGlobal
